{
  "pins" : [
    {
      "identity" : "cmark-gfm",
      "kind" : "remoteSourceControl",
      "location" : "https://github.com/DongyuZhao/cmark-gfm",
      "state" : {
        "branch" : "master",
        "revision" : "a4bfca4cc9b795a32b431b121365677161b1ba99"
      }
    }
  ],
  "version" : 2
}
