{
  "pins" : [
    {
      "identity" : "cmark-gfm",
      "kind" : "remoteSourceControl",
      "location" : "https://github.com/DongyuZhao/cmark-gfm",
      "state" : {
        "branch" : "master",
        "revision" : "85c0bdf36252a07bc89a4d97e94a028d9c94b48c"
      }
    }
  ],
  "version" : 2
}
